{
  "version": 4,
  "terraform_version": "1.15.8",
  "serial": 75,
  "lineage": "af235b6e-876b-56f5-3e9a-2d0bea54dfac",
  "outputs": {
    "server_name": {
      "value": "homies-nguyen-server",
      "type": "string"
    }
  },
  "resources": [
    {
      "mode": "managed",
      "type": "azurerm_resource_group",
      "name": "arg",
      "provider": "provider[\"registry.terraform.io/hashicorp/azurerm\"]",
      "instances": [
        {
          "schema_version": 0,
          "attributes": {
            "id": "/subscriptions/c883cd5b-bc62-4879-8d88-35ea893287c6/resourceGroups/softuni-homies-rg",
            "location": "italynorth",
            "managed_by": "",
            "name": "softuni-homies-rg",
            "tags": null,
            "timeouts": null
          },
          "sensitive_attributes": [],
          "identity_schema_version": 0,
          "identity": {
            "name": "softuni-homies-rg",
            "subscription_id": "c883cd5b-bc62-4879-8d88-35ea893287c6"
          },
          "private": "eyJlMmJmYjczMC1lY2FhLTExZTYtOGY4OC0zNDM2M2JjN2M0YzAiOnsiY3JlYXRlIjo1NDAwMDAwMDAwMDAwLCJkZWxldGUiOjU0MDAwMDAwMDAwMDAsInJlYWQiOjMwMDAwMDAwMDAwMCwidXBkYXRlIjo1NDAwMDAwMDAwMDAwfX0="
        }
      ]
    }
  ],
  "check_results": null
}
